PODS:
  - RxCocoa (4.2.0):
    - RxSwift (~> 4.0)
  - RxKeyboard (0.8.3):
    - RxCocoa (>= 4.1.0)
    - RxSwift (>= 4.1.0)
  - RxSwift (4.2.0)

DEPENDENCIES:
  - RxCocoa
  - RxKeyboard
  - RxSwift

SPEC REPOS:
  https://github.com/cocoapods/specs.git:
    - RxCocoa
    - RxKeyboard
    - RxSwift

SPEC CHECKSUMS:
  RxCocoa: 0b54909c902e1e581212a03e690bbd94032d8baa
  RxKeyboard: e5efbaa109c35be909dd888e53de0f0efdf5169e
  RxSwift: 99e10317ddfcc7fbe01356aafd118fde4a0be104

PODFILE CHECKSUM: 4ea10029a86e098dd0a92e8fd9e87a675ab54c53

COCOAPODS: 1.5.3
